
Microsoft Visual Studio Solution File, Format Version 12.00
# Visual Studio Version 17
VisualStudioVersion = 17.4.33205.214
MinimumVisualStudioVersion = 10.0.40219.1
Project("{FAE04EC0-301F-11D3-BF4B-00C04F79EFBC}") = "UScreenPaint", "UScreenPaint\UScreenPaint.csproj", "{782C0C8B-14D6-4E99-9EC5-3F0AFDCC7667}"
EndProject
Global
	GlobalSection(SolutionConfigurationPlatforms) = preSolution
		Debug|Any CPU = Debug|Any CPU
		Release|Any CPU = Release|Any CPU
	EndGlobalSection
	GlobalSection(ProjectConfigurationPlatforms) = postSolution
		{782C0C8B-14D6-4E99-9EC5-3F0AFDCC7667}.Debug|Any CPU.ActiveCfg = Debug|Any CPU
		{782C0C8B-14D6-4E99-9EC5-3F0AFDCC7667}.Debug|Any CPU.Build.0 = Debug|Any CPU
		{782C0C8B-14D6-4E99-9EC5-3F0AFDCC7667}.Release|Any CPU.ActiveCfg = Release|Any CPU
		{782C0C8B-14D6-4E99-9EC5-3F0AFDCC7667}.Release|Any CPU.Build.0 = Release|Any CPU
	EndGlobalSection
	GlobalSection(SolutionProperties) = preSolution
		HideSolutionNode = FALSE
	EndGlobalSection
	GlobalSection(ExtensibilityGlobals) = postSolution
		SolutionGuid = {563AAB01-7542-4C22-93AF-82DAF5A8AD98}
	EndGlobalSection
EndGlobal
